{
  "lockfileVersion": 1,
  "workspaces": {
    "": {
      "name": "airlinewa",
      "dependencies": {
        "@base-ui-components/react": "^1.0.0-alpha.6",
      },
      "devDependencies": {
        "@types/bun": "latest",
      },
    },
  },
  "packages": {
    "@babel/runtime": ["@babel/runtime@7.26.9", "", { "dependencies": { "regenerator-runtime": "^0.14.0" } }, "sha512-aA63XwOkcl4xxQa3HjPMqOP6LiK0ZDv3mUPYEFXkpHbaFjtGggE1A61FjFzJnB+p7/oy2gA8E+rcBNl/zC1tMg=="],

    "@base-ui-components/react": ["@base-ui-components/react@1.0.0-alpha.6", "", { "dependencies": { "@babel/runtime": "^7.26.7", "@floating-ui/react": "^0.27.3", "@floating-ui/utils": "^0.2.9", "@react-aria/overlays": "^3.25.0", "prop-types": "^15.8.1", "use-sync-external-store": "^1.4.0" }, "peerDependencies": { "@types/react": "^17 || ^18 || ^19", "react": "^17 || ^18 || ^19", "react-dom": "^17 || ^18 || ^19" }, "optionalPeers": ["@types/react"] }, "sha512-0Jkp8twk3z3TJNOTUyzrK1dPOF7w1/LH+TYksuZc8TyJzuJx8V2O15BgpMJczvFdSR2ncdN1WQxsTe2ayYJ6cw=="],

    "@floating-ui/core": ["@floating-ui/core@1.6.9", "", { "dependencies": { "@floating-ui/utils": "^0.2.9" } }, "sha512-uMXCuQ3BItDUbAMhIXw7UPXRfAlOAvZzdK9BWpE60MCn+Svt3aLn9jsPTi/WNGlRUu2uI0v5S7JiIUsbsvh3fw=="],

    "@floating-ui/dom": ["@floating-ui/dom@1.6.13", "", { "dependencies": { "@floating-ui/core": "^1.6.0", "@floating-ui/utils": "^0.2.9" } }, "sha512-umqzocjDgNRGTuO7Q8CU32dkHkECqI8ZdMZ5Swb6QAM0t5rnlrN3lGo1hdpscRd3WS8T6DKYK4ephgIH9iRh3w=="],

    "@floating-ui/react": ["@floating-ui/react@0.27.5", "", { "dependencies": { "@floating-ui/react-dom": "^2.1.2", "@floating-ui/utils": "^0.2.9", "tabbable": "^6.0.0" }, "peerDependencies": { "react": ">=17.0.0", "react-dom": ">=17.0.0" } }, "sha512-BX3jKxo39Ba05pflcQmqPPwc0qdNsdNi/eweAFtoIdrJWNen2sVEWMEac3i6jU55Qfx+lOcdMNKYn2CtWmlnOQ=="],

    "@floating-ui/react-dom": ["@floating-ui/react-dom@2.1.2", "", { "dependencies": { "@floating-ui/dom": "^1.0.0" }, "peerDependencies": { "react": ">=16.8.0", "react-dom": ">=16.8.0" } }, "sha512-06okr5cgPzMNBy+Ycse2A6udMi4bqwW/zgBF/rwjcNqWkyr82Mcg8b0vjX8OJpZFy/FKjJmw6wV7t44kK6kW7A=="],

    "@floating-ui/utils": ["@floating-ui/utils@0.2.9", "", {}, "sha512-MDWhGtE+eHw5JW7lq4qhc5yRLS11ERl1c7Z6Xd0a58DozHES6EnNNwUWbMiG4J9Cgj053Bhk8zvlhFYKVhULwg=="],

    "@formatjs/ecma402-abstract": ["@formatjs/ecma402-abstract@2.3.3", "", { "dependencies": { "@formatjs/fast-memoize": "2.2.6", "@formatjs/intl-localematcher": "0.6.0", "decimal.js": "10", "tslib": "2" } }, "sha512-pJT1OkhplSmvvr6i3CWTPvC/FGC06MbN5TNBfRO6Ox62AEz90eMq+dVvtX9Bl3jxCEkS0tATzDarRZuOLw7oFg=="],

    "@formatjs/fast-memoize": ["@formatjs/fast-memoize@2.2.6", "", { "dependencies": { "tslib": "2" } }, "sha512-luIXeE2LJbQnnzotY1f2U2m7xuQNj2DA8Vq4ce1BY9ebRZaoPB1+8eZ6nXpLzsxuW5spQxr7LdCg+CApZwkqkw=="],

    "@formatjs/icu-messageformat-parser": ["@formatjs/icu-messageformat-parser@2.11.1", "", { "dependencies": { "@formatjs/ecma402-abstract": "2.3.3", "@formatjs/icu-skeleton-parser": "1.8.13", "tslib": "2" } }, "sha512-o0AhSNaOfKoic0Sn1GkFCK4MxdRsw7mPJ5/rBpIqdvcC7MIuyUSW8WChUEvrK78HhNpYOgqCQbINxCTumJLzZA=="],

    "@formatjs/icu-skeleton-parser": ["@formatjs/icu-skeleton-parser@1.8.13", "", { "dependencies": { "@formatjs/ecma402-abstract": "2.3.3", "tslib": "2" } }, "sha512-N/LIdTvVc1TpJmMt2jVg0Fr1F7Q1qJPdZSCs19unMskCmVQ/sa0H9L8PWt13vq+gLdLg1+pPsvBLydL1Apahjg=="],

    "@formatjs/intl-localematcher": ["@formatjs/intl-localematcher@0.6.0", "", { "dependencies": { "tslib": "2" } }, "sha512-4rB4g+3hESy1bHSBG3tDFaMY2CH67iT7yne1e+0CLTsGLDcmoEWWpJjjpWVaYgYfYuohIRuo0E+N536gd2ZHZA=="],

    "@internationalized/date": ["@internationalized/date@3.7.0", "", { "dependencies": { "@swc/helpers": "^0.5.0" } }, "sha512-VJ5WS3fcVx0bejE/YHfbDKR/yawZgKqn/if+oEeLqNwBtPzVB06olkfcnojTmEMX+gTpH+FlQ69SHNitJ8/erQ=="],

    "@internationalized/message": ["@internationalized/message@3.1.6", "", { "dependencies": { "@swc/helpers": "^0.5.0", "intl-messageformat": "^10.1.0" } }, "sha512-JxbK3iAcTIeNr1p0WIFg/wQJjIzJt9l/2KNY/48vXV7GRGZSv3zMxJsce008fZclk2cDC8y0Ig3odceHO7EfNQ=="],

    "@internationalized/number": ["@internationalized/number@3.6.0", "", { "dependencies": { "@swc/helpers": "^0.5.0" } }, "sha512-PtrRcJVy7nw++wn4W2OuePQQfTqDzfusSuY1QTtui4wa7r+rGVtR75pO8CyKvHvzyQYi3Q1uO5sY0AsB4e65Bw=="],

    "@internationalized/string": ["@internationalized/string@3.2.5", "", { "dependencies": { "@swc/helpers": "^0.5.0" } }, "sha512-rKs71Zvl2OKOHM+mzAFMIyqR5hI1d1O6BBkMK2/lkfg3fkmVh9Eeg0awcA8W2WqYqDOv6a86DIOlFpggwLtbuw=="],

    "@react-aria/focus": ["@react-aria/focus@3.19.1", "", { "dependencies": { "@react-aria/interactions": "^3.23.0", "@react-aria/utils": "^3.27.0", "@react-types/shared": "^3.27.0", "@swc/helpers": "^0.5.0", "clsx": "^2.0.0" }, "peerDependencies": { "react": "^16.8.0 || ^17.0.0-rc.1 || ^18.0.0 || ^19.0.0-rc.1", "react-dom": "^16.8.0 || ^17.0.0-rc.1 || ^18.0.0 || ^19.0.0-rc.1" } }, "sha512-bix9Bu1Ue7RPcYmjwcjhB14BMu2qzfJ3tMQLqDc9pweJA66nOw8DThy3IfVr8Z7j2PHktOLf9kcbiZpydKHqzg=="],

    "@react-aria/i18n": ["@react-aria/i18n@3.12.5", "", { "dependencies": { "@internationalized/date": "^3.7.0", "@internationalized/message": "^3.1.6", "@internationalized/number": "^3.6.0", "@internationalized/string": "^3.2.5", "@react-aria/ssr": "^3.9.7", "@react-aria/utils": "^3.27.0", "@react-types/shared": "^3.27.0", "@swc/helpers": "^0.5.0" }, "peerDependencies": { "react": "^16.8.0 || ^17.0.0-rc.1 || ^18.0.0 || ^19.0.0-rc.1", "react-dom": "^16.8.0 || ^17.0.0-rc.1 || ^18.0.0 || ^19.0.0-rc.1" } }, "sha512-ooeop2pTG94PuaHoN2OTk2hpkqVuoqgEYxRvnc1t7DVAtsskfhS/gVOTqyWGsxvwAvRi7m/CnDu6FYdeQ/bK5w=="],

    "@react-aria/interactions": ["@react-aria/interactions@3.23.0", "", { "dependencies": { "@react-aria/ssr": "^3.9.7", "@react-aria/utils": "^3.27.0", "@react-types/shared": "^3.27.0", "@swc/helpers": "^0.5.0" }, "peerDependencies": { "react": "^16.8.0 || ^17.0.0-rc.1 || ^18.0.0 || ^19.0.0-rc.1", "react-dom": "^16.8.0 || ^17.0.0-rc.1 || ^18.0.0 || ^19.0.0-rc.1" } }, "sha512-0qR1atBIWrb7FzQ+Tmr3s8uH5mQdyRH78n0krYaG8tng9+u1JlSi8DGRSaC9ezKyNB84m7vHT207xnHXGeJ3Fg=="],

    "@react-aria/overlays": ["@react-aria/overlays@3.25.0", "", { "dependencies": { "@react-aria/focus": "^3.19.1", "@react-aria/i18n": "^3.12.5", "@react-aria/interactions": "^3.23.0", "@react-aria/ssr": "^3.9.7", "@react-aria/utils": "^3.27.0", "@react-aria/visually-hidden": "^3.8.19", "@react-stately/overlays": "^3.6.13", "@react-types/button": "^3.10.2", "@react-types/overlays": "^3.8.12", "@react-types/shared": "^3.27.0", "@swc/helpers": "^0.5.0" }, "peerDependencies": { "react": "^16.8.0 || ^17.0.0-rc.1 || ^18.0.0 || ^19.0.0-rc.1", "react-dom": "^16.8.0 || ^17.0.0-rc.1 || ^18.0.0 || ^19.0.0-rc.1" } }, "sha512-UEqJJ4duowrD1JvwXpPZreBuK79pbyNjNxFUVpFSskpGEJe3oCWwsSDKz7P1O7xbx5OYp+rDiY8fk/sE5rkaKw=="],

    "@react-aria/ssr": ["@react-aria/ssr@3.9.7", "", { "dependencies": { "@swc/helpers": "^0.5.0" }, "peerDependencies": { "react": "^16.8.0 || ^17.0.0-rc.1 || ^18.0.0 || ^19.0.0-rc.1" } }, "sha512-GQygZaGlmYjmYM+tiNBA5C6acmiDWF52Nqd40bBp0Znk4M4hP+LTmI0lpI1BuKMw45T8RIhrAsICIfKwZvi2Gg=="],

    "@react-aria/utils": ["@react-aria/utils@3.27.0", "", { "dependencies": { "@react-aria/ssr": "^3.9.7", "@react-stately/utils": "^3.10.5", "@react-types/shared": "^3.27.0", "@swc/helpers": "^0.5.0", "clsx": "^2.0.0" }, "peerDependencies": { "react": "^16.8.0 || ^17.0.0-rc.1 || ^18.0.0 || ^19.0.0-rc.1", "react-dom": "^16.8.0 || ^17.0.0-rc.1 || ^18.0.0 || ^19.0.0-rc.1" } }, "sha512-p681OtApnKOdbeN8ITfnnYqfdHS0z7GE+4l8EXlfLnr70Rp/9xicBO6d2rU+V/B3JujDw2gPWxYKEnEeh0CGCw=="],

    "@react-aria/visually-hidden": ["@react-aria/visually-hidden@3.8.19", "", { "dependencies": { "@react-aria/interactions": "^3.23.0", "@react-aria/utils": "^3.27.0", "@react-types/shared": "^3.27.0", "@swc/helpers": "^0.5.0" }, "peerDependencies": { "react": "^16.8.0 || ^17.0.0-rc.1 || ^18.0.0 || ^19.0.0-rc.1", "react-dom": "^16.8.0 || ^17.0.0-rc.1 || ^18.0.0 || ^19.0.0-rc.1" } }, "sha512-MZgCCyQ3sdG94J5iJz7I7Ai3IxoN0U5d/+EaUnA1mfK7jf2fSYQBqi6Eyp8sWUYzBTLw4giXB5h0RGAnWzk9hA=="],

    "@react-stately/overlays": ["@react-stately/overlays@3.6.13", "", { "dependencies": { "@react-stately/utils": "^3.10.5", "@react-types/overlays": "^3.8.12", "@swc/helpers": "^0.5.0" }, "peerDependencies": { "react": "^16.8.0 || ^17.0.0-rc.1 || ^18.0.0 || ^19.0.0-rc.1" } }, "sha512-WsU85Gf/b+HbWsnnYw7P/Ila3wD+C37Uk/WbU4/fHgJ26IEOWsPE6wlul8j54NZ1PnLNhV9Fn+Kffi+PaJMQXQ=="],

    "@react-stately/utils": ["@react-stately/utils@3.10.5", "", { "dependencies": { "@swc/helpers": "^0.5.0" }, "peerDependencies": { "react": "^16.8.0 || ^17.0.0-rc.1 || ^18.0.0 || ^19.0.0-rc.1" } }, "sha512-iMQSGcpaecghDIh3mZEpZfoFH3ExBwTtuBEcvZ2XnGzCgQjeYXcMdIUwAfVQLXFTdHUHGF6Gu6/dFrYsCzySBQ=="],

    "@react-types/button": ["@react-types/button@3.10.2", "", { "dependencies": { "@react-types/shared": "^3.27.0" }, "peerDependencies": { "react": "^16.8.0 || ^17.0.0-rc.1 || ^18.0.0 || ^19.0.0-rc.1" } }, "sha512-h8SB/BLoCgoBulCpyzaoZ+miKXrolK9XC48+n1dKJXT8g4gImrficurDW6+PRTQWaRai0Q0A6bu8UibZOU4syg=="],

    "@react-types/overlays": ["@react-types/overlays@3.8.12", "", { "dependencies": { "@react-types/shared": "^3.27.0" }, "peerDependencies": { "react": "^16.8.0 || ^17.0.0-rc.1 || ^18.0.0 || ^19.0.0-rc.1" } }, "sha512-ZvR1t0YV7/6j+6OD8VozKYjvsXT92+C/2LOIKozy7YUNS5KI4MkXbRZzJvkuRECVZOmx8JXKTUzhghWJM/3QuQ=="],

    "@react-types/shared": ["@react-types/shared@3.27.0", "", { "peerDependencies": { "react": "^16.8.0 || ^17.0.0-rc.1 || ^18.0.0 || ^19.0.0-rc.1" } }, "sha512-gvznmLhi6JPEf0bsq7SwRYTHAKKq/wcmKqFez9sRdbED+SPMUmK5omfZ6w3EwUFQHbYUa4zPBYedQ7Knv70RMw=="],

    "@swc/helpers": ["@swc/helpers@0.5.15", "", { "dependencies": { "tslib": "^2.8.0" } }, "sha512-JQ5TuMi45Owi4/BIMAJBoSQoOJu12oOk/gADqlcUL9JEdHB8vyjUSsxqeNXnmXHjYKMi2WcYtezGEEhqUI/E2g=="],

    "@types/bun": ["@types/bun@1.2.4", "", { "dependencies": { "bun-types": "1.2.4" } }, "sha512-QtuV5OMR8/rdKJs213iwXDpfVvnskPXY/S0ZiFbsTjQZycuqPbMW8Gf/XhLfwE5njW8sxI2WjISURXPlHypMFA=="],

    "@types/node": ["@types/node@22.13.8", "", { "dependencies": { "undici-types": "~6.20.0" } }, "sha512-G3EfaZS+iOGYWLLRCEAXdWK9my08oHNZ+FHluRiggIYJPOXzhOiDgpVCUHaUvyIC5/fj7C/p637jdzC666AOKQ=="],

    "@types/ws": ["@types/ws@8.5.14", "", { "dependencies": { "@types/node": "*" } }, "sha512-bd/YFLW+URhBzMXurx7lWByOu+xzU9+kb3RboOteXYDfW+tr+JZa99OyNmPINEGB/ahzKrEuc8rcv4gnpJmxTw=="],

    "bun-types": ["bun-types@1.2.4", "", { "dependencies": { "@types/node": "*", "@types/ws": "~8.5.10" } }, "sha512-nDPymR207ZZEoWD4AavvEaa/KZe/qlrbMSchqpQwovPZCKc7pwMoENjEtHgMKaAjJhy+x6vfqSBA1QU3bJgs0Q=="],

    "clsx": ["clsx@2.1.1", "", {}, "sha512-eYm0QWBtUrBWZWG0d386OGAw16Z995PiOVo2B7bjWSbHedGl5e0ZWaq65kOGgUSNesEIDkB9ISbTg/JK9dhCZA=="],

    "decimal.js": ["decimal.js@10.5.0", "", {}, "sha512-8vDa8Qxvr/+d94hSh5P3IJwI5t8/c0KsMp+g8bNw9cY2icONa5aPfvKeieW1WlG0WQYwwhJ7mjui2xtiePQSXw=="],

    "intl-messageformat": ["intl-messageformat@10.7.15", "", { "dependencies": { "@formatjs/ecma402-abstract": "2.3.3", "@formatjs/fast-memoize": "2.2.6", "@formatjs/icu-messageformat-parser": "2.11.1", "tslib": "2" } }, "sha512-LRyExsEsefQSBjU2p47oAheoKz+EOJxSLDdjOaEjdriajfHsMXOmV/EhMvYSg9bAgCUHasuAC+mcUBe/95PfIg=="],

    "js-tokens": ["js-tokens@4.0.0", "", {}, "sha512-RdJUflcE3cUzKiMqQgsCu06FPu9UdIJO0beYbPhHN4k6apgJtifcoCtT9bcxOpYBtpD2kCM6Sbzg4CausW/PKQ=="],

    "loose-envify": ["loose-envify@1.4.0", "", { "dependencies": { "js-tokens": "^3.0.0 || ^4.0.0" }, "bin": { "loose-envify": "cli.js" } }, "sha512-lyuxPGr/Wfhrlem2CL/UcnUc1zcqKAImBDzukY7Y5F/yQiNdko6+fRLevlw1HgMySw7f611UIY408EtxRSoK3Q=="],

    "object-assign": ["object-assign@4.1.1", "", {}, "sha512-rJgTQnkUnH1sFw8yT6VSU3zD3sWmu6sZhIseY8VX+GRu3P6F7Fu+JNDoXfklElbLJSnc3FUQHVe4cU5hj+BcUg=="],

    "prop-types": ["prop-types@15.8.1", "", { "dependencies": { "loose-envify": "^1.4.0", "object-assign": "^4.1.1", "react-is": "^16.13.1" } }, "sha512-oj87CgZICdulUohogVAR7AjlC0327U4el4L6eAvOqCeudMDVU0NThNaV+b9Df4dXgSP1gXMTnPdhfe/2qDH5cg=="],

    "react": ["react@19.0.0", "", {}, "sha512-V8AVnmPIICiWpGfm6GLzCR/W5FXLchHop40W4nXBmdlEceh16rCN8O8LNWm5bh5XUX91fh7KpA+W0TgMKmgTpQ=="],

    "react-dom": ["react-dom@19.0.0", "", { "dependencies": { "scheduler": "^0.25.0" }, "peerDependencies": { "react": "^19.0.0" } }, "sha512-4GV5sHFG0e/0AD4X+ySy6UJd3jVl1iNsNHdpad0qhABJ11twS3TTBnseqsKurKcsNqCEFeGL3uLpVChpIO3QfQ=="],

    "react-is": ["react-is@16.13.1", "", {}, "sha512-24e6ynE2H+OKt4kqsOvNd8kBpV65zoxbA4BVsEOB3ARVWQki/DHzaUoC5KuON/BiccDaCCTZBuOcfZs70kR8bQ=="],

    "regenerator-runtime": ["regenerator-runtime@0.14.1", "", {}, "sha512-dYnhHh0nJoMfnkZs6GmmhFknAGRrLznOu5nc9ML+EJxGvrx6H7teuevqVqCuPcPK//3eDrrjQhehXVx9cnkGdw=="],

    "scheduler": ["scheduler@0.25.0", "", {}, "sha512-xFVuu11jh+xcO7JOAGJNOXld8/TcEHK/4CituBUeUb5hqxJLj9YuemAEuvm9gQ/+pgXYfbQuqAkiYu+u7YEsNA=="],

    "tabbable": ["tabbable@6.2.0", "", {}, "sha512-Cat63mxsVJlzYvN51JmVXIgNoUokrIaT2zLclCXjRd8boZ0004U4KCs/sToJ75C6sdlByWxpYnb5Boif1VSFew=="],

    "tslib": ["tslib@2.8.1", "", {}, "sha512-oJFu94HQb+KVduSUQL7wnpmqnfmLsOA/nAh6b6EH0wCEoK0/mPeXU6c3wKDV83MkOuHPRHtSXKKU99IBazS/2w=="],

    "undici-types": ["undici-types@6.20.0", "", {}, "sha512-Ny6QZ2Nju20vw1SRHe3d9jVu6gJ+4e3+MMpqu7pqE5HT6WsTSlce++GQmK5UXS8mzV8DSYHrQH+Xrf2jVcuKNg=="],

    "use-sync-external-store": ["use-sync-external-store@1.4.0", "", { "peerDependencies": { "react": "^16.8.0 || ^17.0.0 || ^18.0.0 || ^19.0.0" } }, "sha512-9WXSPC5fMv61vaupRkCKCxsPxBocVnwakBEkMIHHpkTTg6icbJtg6jzgtLDm4bl3cSHAca52rYWih0k4K3PfHw=="],
  }
}
